Microsoft Visual Studio Solution File, Format Version 12.00
# Visual Studio Version 17
VisualStudioVersion = 17.0.31903.59
MinimumVisualStudioVersion = 10.0.40219.1
Project("{8BC9CEB8-8B4A-11D0-8D11-00A0C91BC942}") = "aerogpu_kmd", "aerogpu_kmd.vcxproj", "{C6CFA8E8-9A28-4DB3-8F4D-5B7A5D9E4C18}"
EndProject
Project("{8BC9CEB8-8B4A-11D0-8D11-00A0C91BC942}") = "aerogpu_d3d9_umd", "umd\\d3d9\\aerogpu_d3d9_umd.vcxproj", "{5F7C8B24-8F96-4C3C-9D5C-A6E3C5E2BBE4}"
EndProject
Project("{8BC9CEB8-8B4A-11D0-8D11-00A0C91BC942}") = "aerogpu_d3d10_11_umd", "umd\\d3d10_11\\aerogpu_d3d10_11.vcxproj", "{7D2A5C06-8B0D-4F21-9E45-8B2B5712B4F3}"
EndProject
Global
	GlobalSection(SolutionConfigurationPlatforms) = preSolution
		Release|Win32 = Release|Win32
		Release|x64 = Release|x64
	EndGlobalSection
	GlobalSection(ProjectConfigurationPlatforms) = postSolution
		{C6CFA8E8-9A28-4DB3-8F4D-5B7A5D9E4C18}.Release|Win32.ActiveCfg = Release|Win32
		{C6CFA8E8-9A28-4DB3-8F4D-5B7A5D9E4C18}.Release|Win32.Build.0 = Release|Win32
		{C6CFA8E8-9A28-4DB3-8F4D-5B7A5D9E4C18}.Release|x64.ActiveCfg = Release|x64
		{C6CFA8E8-9A28-4DB3-8F4D-5B7A5D9E4C18}.Release|x64.Build.0 = Release|x64
		{5F7C8B24-8F96-4C3C-9D5C-A6E3C5E2BBE4}.Release|Win32.ActiveCfg = Release|Win32
		{5F7C8B24-8F96-4C3C-9D5C-A6E3C5E2BBE4}.Release|Win32.Build.0 = Release|Win32
		{5F7C8B24-8F96-4C3C-9D5C-A6E3C5E2BBE4}.Release|x64.ActiveCfg = Release|x64
		{5F7C8B24-8F96-4C3C-9D5C-A6E3C5E2BBE4}.Release|x64.Build.0 = Release|x64
		{7D2A5C06-8B0D-4F21-9E45-8B2B5712B4F3}.Release|Win32.ActiveCfg = Release|Win32
		{7D2A5C06-8B0D-4F21-9E45-8B2B5712B4F3}.Release|Win32.Build.0 = Release|Win32
		{7D2A5C06-8B0D-4F21-9E45-8B2B5712B4F3}.Release|x64.ActiveCfg = Release|x64
		{7D2A5C06-8B0D-4F21-9E45-8B2B5712B4F3}.Release|x64.Build.0 = Release|x64
	EndGlobalSection
	GlobalSection(SolutionProperties) = preSolution
		HideSolutionNode = FALSE
	EndGlobalSection
EndGlobal

