<?xml version="1.0" encoding="utf-8"?>
<Project ToolsVersion="4.0" xmlns="http://schemas.microsoft.com/developer/msbuild/2003">
  <ItemGroup>
    <Filter Include="Source Files">
      <UniqueIdentifier>{B6B02AA0-0C71-4F5E-9FDE-1A8D1C9DF1E5}</UniqueIdentifier>
    </Filter>
    <Filter Include="Header Files">
      <UniqueIdentifier>{6AF61C1C-84C1-4B44-A19B-5B5A70978C2C}</UniqueIdentifier>
    </Filter>
  </ItemGroup>
  <ItemGroup>
    <ClCompile Include="..\..\win7\virtio\virtio-core\portable\virtio_pci_cap_parser.c">
      <Filter>Source Files</Filter>
    </ClCompile>
    <ClCompile Include="..\..\windows\virtio\common\virtqueue_split.c">
      <Filter>Source Files</Filter>
    </ClCompile>
    <ClCompile Include="src\driver.c">
      <Filter>Source Files</Filter>
    </ClCompile>
    <ClCompile Include="src\pci_interface.c">
      <Filter>Source Files</Filter>
    </ClCompile>
    <ClCompile Include="src\virtio_pci_modern_wdm.c">
      <Filter>Source Files</Filter>
    </ClCompile>
    <ClCompile Include="src\virtio_snd_proto.c">
      <Filter>Source Files</Filter>
    </ClCompile>
    <ClCompile Include="src\virtiosnd_control.c">
      <Filter>Source Files</Filter>
    </ClCompile>
    <ClCompile Include="src\virtiosnd_dma.c">
      <Filter>Source Files</Filter>
    </ClCompile>
    <ClCompile Include="src\virtiosnd_hw.c">
      <Filter>Source Files</Filter>
    </ClCompile>
    <ClCompile Include="src\virtiosnd_queue_split.c">
      <Filter>Source Files</Filter>
    </ClCompile>
    <ClCompile Include="src\virtiosnd_tx.c">
      <Filter>Source Files</Filter>
    </ClCompile>
  </ItemGroup>
  <ItemGroup>
    <ClInclude Include="include\pci_interface.h">
      <Filter>Header Files</Filter>
    </ClInclude>
    <ClInclude Include="include\trace.h">
      <Filter>Header Files</Filter>
    </ClInclude>
    <ClInclude Include="include\virtio_pci_modern_wdm.h">
      <Filter>Header Files</Filter>
    </ClInclude>
    <ClInclude Include="include\virtio_snd_proto.h">
      <Filter>Header Files</Filter>
    </ClInclude>
    <ClInclude Include="include\virtiosnd.h">
      <Filter>Header Files</Filter>
    </ClInclude>
    <ClInclude Include="include\virtiosnd_control.h">
      <Filter>Header Files</Filter>
    </ClInclude>
    <ClInclude Include="include\virtiosnd_dma.h">
      <Filter>Header Files</Filter>
    </ClInclude>
    <ClInclude Include="include\virtiosnd_queue.h">
      <Filter>Header Files</Filter>
    </ClInclude>
    <ClInclude Include="include\virtiosnd_queue_split.h">
      <Filter>Header Files</Filter>
    </ClInclude>
    <ClInclude Include="include\virtiosnd_tx.h">
      <Filter>Header Files</Filter>
    </ClInclude>
  </ItemGroup>
</Project>
