<?xml version="1.0" encoding="utf-8"?>
<Project ToolsVersion="4.0" xmlns="http://schemas.microsoft.com/developer/msbuild/2003">
  <ItemGroup>
    <ClCompile Include="aerogpu_d3d9umd.cpp" />
  </ItemGroup>
  <ItemGroup>
    <ClInclude Include="..\common\aerogpu_protocol.h" />
  </ItemGroup>
  <ItemGroup>
    <None Include="aerogpu_d3d9umd.def" />
  </ItemGroup>
</Project>

