<?xml version="1.0" encoding="utf-8"?>
<Project ToolsVersion="4.0" xmlns="http://schemas.microsoft.com/developer/msbuild/2003">
  <ItemGroup>
    <Filter Include="Source Files">
      <UniqueIdentifier>{A7E7B0A3-2D8F-4D0A-A0A0-74C20E6E7B3A}</UniqueIdentifier>
      <Extensions>cpp;c;cc;cxx</Extensions>
    </Filter>
    <Filter Include="Header Files">
      <UniqueIdentifier>{8E22B5E1-A93E-4A30-9B54-21F61704D7FE}</UniqueIdentifier>
      <Extensions>h;hpp;hxx;inl</Extensions>
    </Filter>
  </ItemGroup>
  <ItemGroup>
    <ClCompile Include="src\aerogpu_d3d10_11_umd.cpp">
      <Filter>Source Files</Filter>
    </ClCompile>
    <ClCompile Include="src\aerogpu_d3d10_11_log.cpp">
      <Filter>Source Files</Filter>
    </ClCompile>
    <ClCompile Include="src\aerogpu_d3d10_1_umd_wdk.cpp">
      <Filter>Source Files</Filter>
    </ClCompile>
    <ClCompile Include="src\aerogpu_d3d11_umd_wdk.cpp">
      <Filter>Source Files</Filter>
    </ClCompile>
    <ClCompile Include="src\aerogpu_d3d10_umd_wdk.cpp">
      <Filter>Source Files</Filter>
    </ClCompile>
    <ClCompile Include="src\aerogpu_d3d10_11_wddm_submit.cpp">
      <Filter>Source Files</Filter>
    </ClCompile>
  </ItemGroup>
  <ItemGroup>
    <ClInclude Include="include\aerogpu_d3d10_11_umd.h">
      <Filter>Header Files</Filter>
    </ClInclude>
    <ClInclude Include="src\aerogpu_cmd_writer.h">
      <Filter>Header Files</Filter>
    </ClInclude>
    <ClInclude Include="src\aerogpu_d3d10_11_internal.h">
      <Filter>Header Files</Filter>
    </ClInclude>
    <ClInclude Include="src\aerogpu_d3d10_11_wddm_submit.h">
      <Filter>Header Files</Filter>
    </ClInclude>
    <ClInclude Include="src\aerogpu_d3d10_11_wdk_abi_asserts.h">
      <Filter>Header Files</Filter>
    </ClInclude>
    <ClInclude Include="src\aerogpu_d3d10_11_wdk_abi_expected.h">
      <Filter>Header Files</Filter>
    </ClInclude>
    <ClInclude Include="..\common\aerogpu_cmd_stream_writer.h">
      <Filter>Header Files</Filter>
    </ClInclude>
    <ClInclude Include="src\aerogpu_d3d10_trace.h">
      <Filter>Header Files</Filter>
    </ClInclude>
    <ClInclude Include="src\aerogpu_d3d10_11_log.h">
      <Filter>Header Files</Filter>
    </ClInclude>
    <ClInclude Include="..\..\protocol\aerogpu_cmd.h">
      <Filter>Header Files</Filter>
    </ClInclude>
    <ClInclude Include="..\..\protocol\aerogpu_wddm_alloc.h">
      <Filter>Header Files</Filter>
    </ClInclude>
  </ItemGroup>
  <ItemGroup>
    <None Include="aerogpu_d3d10_x86.def" />
    <None Include="aerogpu_d3d10_x64.def" />
  </ItemGroup>
</Project>
